# This file was autogenerated by Stack.
# You should not edit this file by hand.
# For more information, please see the documentation at:
#   https://docs.haskellstack.org/en/stable/lock_files

packages:
- completed:
    hackage: ncurses-0.2.16@sha256:8ad9fe6562a80d28166d76adbac1eb4d40c6511fe4e9272ed6e1166dc2f1cdf1,3575
    pantry-tree:
      size: 674
      sha256: 093bdc85ed518c81724f5b6b81c24ab4ebdd231551861f4feaa43361136f70b7
  original:
    hackage: ncurses-0.2.16
- completed:
    hackage: c2hs-0.28.8@sha256:826ec8a8278031a56c664d58761b5faa451c496e16f7c24e30f511b0920c7b41,9427
    pantry-tree:
      size: 17398
      sha256: c0a824feeb530cac3f7580d9939ade6763fd29902c2dfcbcfd06f7fb9866642d
  original:
    hackage: c2hs-0.28.8@sha256:826ec8a8278031a56c664d58761b5faa451c496e16f7c24e30f511b0920c7b41,9427
- completed:
    hackage: lens-5.2@sha256:06029d80a926c466ae7e59e7e41f114e1f437526f776d022a8d0e19a6dc14576,14519
    pantry-tree:
      size: 8214
      sha256: 4f7471aa8889560765270704888f0294339cff4b9393e4a9f1603a655e85f28b
  original:
    hackage: lens-5.2@sha256:06029d80a926c466ae7e59e7e41f114e1f437526f776d022a8d0e19a6dc14576,14519
- completed:
    hackage: assoc-1.0.2@sha256:93b8d43aa081e4205116a139f7cf690f608968161d19ebfb23d884d19b082b57,1253
    pantry-tree:
      size: 290
      sha256: 75f4b3f498c9e1c9c2ea31be90be580231b55ed7a5002a505fae13aeaed2d3d4
  original:
    hackage: assoc-1.0.2@sha256:93b8d43aa081e4205116a139f7cf690f608968161d19ebfb23d884d19b082b57,1253
- completed:
    hackage: base-orphans-0.8.7@sha256:58d5514b688ec037f53b9d60097b9d87f6b3847da68f65124987d67222c3a334,3175
    pantry-tree:
      size: 1272
      sha256: b2433cf19ebc5696130ecf39a3ed756cdb00fd508423643b0cdd6f125c9803da
  original:
    hackage: base-orphans-0.8.7@sha256:58d5514b688ec037f53b9d60097b9d87f6b3847da68f65124987d67222c3a334,3175
- completed:
    hackage: bifunctors-5.5.12@sha256:be0f858c893274deab8aa21f9e43b2f5931d9419604f23f82bb5c8a5d9b2c3e9,3948
    pantry-tree:
      size: 1758
      sha256: 63073a0d1ebc4d3a3d59ed8b5a77c6510bc25f4b357e5c51df1bd772a41f591c
  original:
    hackage: bifunctors-5.5.12@sha256:be0f858c893274deab8aa21f9e43b2f5931d9419604f23f82bb5c8a5d9b2c3e9,3948
- completed:
    hackage: call-stack-0.4.0@sha256:ac44d2c00931dc20b01750da8c92ec443eb63a7231e8550188cb2ac2385f7feb,1200
    pantry-tree:
      size: 501
      sha256: 04134fa69cdd824b4e4bb7f77e7173e0705f27deabdbbf99549c549400191e1e
  original:
    hackage: call-stack-0.4.0@sha256:ac44d2c00931dc20b01750da8c92ec443eb63a7231e8550188cb2ac2385f7feb,1200
- completed:
    hackage: comonad-5.0.8@sha256:1f1aabd73ec7f80f20cf078a748a60cd48d8e57277802fdf6a9ab3601a9b8f7e,3631
    pantry-tree:
      size: 1618
      sha256: 394660fe7fa4127e5a181890bce28b9fcd6eb180ba25aa5566bc8b5bdd385517
  original:
    hackage: comonad-5.0.8@sha256:1f1aabd73ec7f80f20cf078a748a60cd48d8e57277802fdf6a9ab3601a9b8f7e,3631
- completed:
    hackage: contravariant-1.5.5@sha256:470ed0e040e879e2da4af1b2c8f94e199f6135852a8107858d5ae0a95365835f,3041
    pantry-tree:
      size: 652
      sha256: 9eb62fea28548dc8a0f60fd47c12843092b78b24ed771b8ad63a0bb34dba8bc4
  original:
    hackage: contravariant-1.5.5@sha256:470ed0e040e879e2da4af1b2c8f94e199f6135852a8107858d5ae0a95365835f,3041
- completed:
    hackage: distributive-0.6.2.1@sha256:0f99f5541cca04acf89b64432b03422b6408e830a8dff30e6c4334ef1a48680c,2996
    pantry-tree:
      size: 735
      sha256: a42bed5fe0ba295643538312dee6c9436314c05a6f7efdd32b4303979f8bd744
  original:
    hackage: distributive-0.6.2.1@sha256:0f99f5541cca04acf89b64432b03422b6408e830a8dff30e6c4334ef1a48680c,2996
- completed:
    hackage: dlist-1.0@sha256:124cb3aa1decebd5171b46601b1f74cca6cfae12d266ace3799b86dd05ef7cb4,3560
    pantry-tree:
      size: 953
      sha256: 8467afe9c94b2756e5703fed0950b51418bd877acbdd72e9dc3488b8f28f4e82
  original:
    hackage: dlist-1.0@sha256:124cb3aa1decebd5171b46601b1f74cca6cfae12d266ace3799b86dd05ef7cb4,3560
- completed:
    hackage: free-5.1.9@sha256:f4cef1f00b5686b4c93a4ed2306ebfa8fe27c5bd10adb8c57dfaf86f3bf3768c,5168
    pantry-tree:
      size: 3308
      sha256: b3e50f71d8775e3ca1c174874db3737ff6538d34c5b69a4787281b668e6d1457
  original:
    hackage: free-5.1.9@sha256:f4cef1f00b5686b4c93a4ed2306ebfa8fe27c5bd10adb8c57dfaf86f3bf3768c,5168
- completed:
    hackage: hashable-1.4.1.0@sha256:50b2f002c68fe67730ee7a3cd8607486197dd99b084255005ad51ecd6970a41b,5019
    pantry-tree:
      size: 1248
      sha256: 9af2f7a42674f7effcabbebc043f97057240783f1709338a77f58216f4a5f18c
  original:
    hackage: hashable-1.4.1.0@sha256:50b2f002c68fe67730ee7a3cd8607486197dd99b084255005ad51ecd6970a41b,5019
- completed:
    hackage: indexed-traversable-0.1.2@sha256:52a1b708abd921f91a5977f6ae53c4aa2b33f7c30be0fff17173f658b34c5350,2533
    pantry-tree:
      size: 495
      sha256: 0bedadc62cad982ab85dc4d57ca7cf353b526a46fd203addd9bf8b7cf0136c25
  original:
    hackage: indexed-traversable-0.1.2@sha256:52a1b708abd921f91a5977f6ae53c4aa2b33f7c30be0fff17173f658b34c5350,2533
- completed:
    hackage: indexed-traversable-instances-0.1.1.1@sha256:04b9fac300cde96de9aaaa0c4237a85045308d0bd4ba360e318febf34ec0bd3a,2500
    pantry-tree:
      size: 366
      sha256: 957ca9aa7da9cb4af25707eabb4b16297f6dc60ad75e5d1a5a93e08c4b28094f
  original:
    hackage: indexed-traversable-instances-0.1.1.1@sha256:04b9fac300cde96de9aaaa0c4237a85045308d0bd4ba360e318febf34ec0bd3a,2500
- completed:
    hackage: kan-extensions-5.2.5@sha256:6c67ff1ee6426461175619c350e99c189ded30490f795b8327d3a2275f0c551d,2950
    pantry-tree:
      size: 1421
      sha256: b8784ccdde49cec7782f6492ef3fa4055052e598ac175e741dbaa172b5028864
  original:
    hackage: kan-extensions-5.2.5@sha256:6c67ff1ee6426461175619c350e99c189ded30490f795b8327d3a2275f0c551d,2950
- completed:
    hackage: language-c-0.9.1@sha256:381f68bb37c00afb0f81b936f6a60066b588b5b4d4ae83a468477739ab02db01,4719
    pantry-tree:
      size: 3335
      sha256: 903196983fea9a6ddd35f7254a550e056dedd69a637b04af321049dbade891f5
  original:
    hackage: language-c-0.9.1@sha256:381f68bb37c00afb0f81b936f6a60066b588b5b4d4ae83a468477739ab02db01,4719
- completed:
    hackage: parallel-3.2.2.0@sha256:6edd5a06938cea3d28b406d5231683f89737e854af144a8800aa69e1eee785e0,1821
    pantry-tree:
      size: 392
      sha256: 6ec36425356925d6d9042769a29ab4ec2aa69c2a7161c49ff18a9a77c1d957b1
  original:
    hackage: parallel-3.2.2.0@sha256:6edd5a06938cea3d28b406d5231683f89737e854af144a8800aa69e1eee785e0,1821
- completed:
    hackage: profunctors-5.6.2@sha256:3d3685119243a7ebf984fa6af03299d156ab7674a432e2e15ecee2a4fd420fb6,2483
    pantry-tree:
      size: 1588
      sha256: 2a839845b75d600ab5a51c582a740de87805f794caa5836b6a16250d9b535789
  original:
    hackage: profunctors-5.6.2@sha256:3d3685119243a7ebf984fa6af03299d156ab7674a432e2e15ecee2a4fd420fb6,2483
- completed:
    hackage: reflection-2.1.6@sha256:f41afef54a696377bb7591e12969a56e7a4a1cf1d2a32210ab24c6a7aa9bd7ae,4116
    pantry-tree:
      size: 1062
      sha256: 3d40dd538ec28c67f9c08c69199d6c4848cf9d0898092d45add9d006f00d788c
  original:
    hackage: reflection-2.1.6@sha256:f41afef54a696377bb7591e12969a56e7a4a1cf1d2a32210ab24c6a7aa9bd7ae,4116
- completed:
    hackage: semigroupoids-5.3.7@sha256:fb1a86c250997c269106645724a67bc358235245cf385b589f855ac070d4ada0,7488
    pantry-tree:
      size: 2404
      sha256: 1ddbcc4c07bb3a195e718ecd432caa37f9b25c4d4b3fe270d16f480a3d925c4a
  original:
    hackage: semigroupoids-5.3.7@sha256:fb1a86c250997c269106645724a67bc358235245cf385b589f855ac070d4ada0,7488
- completed:
    hackage: strict-0.4.0.1@sha256:d6205a748eb8db4cd17a7179be970c94598809709294ccfa43159c7f3cc4bf5d,4187
    pantry-tree:
      size: 654
      sha256: 2a8171b3ff2960552163a6e1dbb640b83e049f22a5b7764cc27c0941334496bd
  original:
    hackage: strict-0.4.0.1@sha256:d6205a748eb8db4cd17a7179be970c94598809709294ccfa43159c7f3cc4bf5d,4187
- completed:
    hackage: tagged-0.8.6.1@sha256:8a24aef29b8e35447ccc56658ea07c2aded30bfa8130ea057e382936e17c74a6,2874
    pantry-tree:
      size: 496
      sha256: 38c9b55d6918304b17a6c70a51ad9d981e9f64e08121482d9a801d4e4681a7db
  original:
    hackage: tagged-0.8.6.1@sha256:8a24aef29b8e35447ccc56658ea07c2aded30bfa8130ea057e382936e17c74a6,2874
- completed:
    hackage: th-abstraction-0.4.4.0@sha256:89aa9d81c94883c9e16c3534041f31949194011fdcf43be450f090bfb300b58d,2148
    pantry-tree:
      size: 670
      sha256: 4ba3b66edafbc0a947bf94033d66fdff72f19cd64da14f812bbf61064c865f46
  original:
    hackage: th-abstraction-0.4.4.0@sha256:89aa9d81c94883c9e16c3534041f31949194011fdcf43be450f090bfb300b58d,2148
- completed:
    hackage: these-1.1.1.1@sha256:2991c13e264b0c35c696c8f5f85c428c53bc42e93b1dfbd19a582052112d948a,2748
    pantry-tree:
      size: 351
      sha256: 5063da27208998081b81011c0f1d72303b17f343221aac1867d3d9771539f817
  original:
    hackage: these-1.1.1.1@sha256:2991c13e264b0c35c696c8f5f85c428c53bc42e93b1dfbd19a582052112d948a,2748
- completed:
    hackage: transformers-compat-0.7.2@sha256:044fb9955f63ee138fcebedfdcbe54afe741f2d5892a2d0bdf3a8052bd342643,5601
    pantry-tree:
      size: 1724
      sha256: f49610c6a2faf82111e5d4222576f4afbcfa904bf56665232c5aa077dfc7578f
  original:
    hackage: transformers-compat-0.7.2@sha256:044fb9955f63ee138fcebedfdcbe54afe741f2d5892a2d0bdf3a8052bd342643,5601
- completed:
    hackage: unordered-containers-0.2.19.1@sha256:db11042bb0356c0adea277d0794743829125b4c99455af6af2bd5f7bd5e88a39,3797
    pantry-tree:
      size: 1517
      sha256: ac7a077274515b8afdf98138177b2fd2293c8bb346c5ec5caf2c5999da495112
  original:
    hackage: unordered-containers-0.2.19.1@sha256:db11042bb0356c0adea277d0794743829125b4c99455af6af2bd5f7bd5e88a39,3797
- completed:
    hackage: vector-0.13.0.0@sha256:54528e95501742b99462cc543891f21177e7db34d960ce8e3cbb25afb16a9c89,9112
    pantry-tree:
      size: 4092
      sha256: 70b31fa3803fc53ff469beba9e5022e92f6704e9b0ece953a0373b35ef09ca4d
  original:
    hackage: vector-0.13.0.0@sha256:54528e95501742b99462cc543891f21177e7db34d960ce8e3cbb25afb16a9c89,9112
- completed:
    hackage: OneTuple-0.3.1@sha256:fc32cb744477befa450a538ea4975cc523f0a2f1585cb5a36e9936a3d18e9a3c,2276
    pantry-tree:
      size: 506
      sha256: a45de98364d5a128ffcc07a05f2f3dd0befee311c7e106bc86dc87548288bc6b
  original:
    hackage: OneTuple-0.3.1@sha256:fc32cb744477befa450a538ea4975cc523f0a2f1585cb5a36e9936a3d18e9a3c,2276
- completed:
    hackage: StateVar-1.2.2@sha256:3c022c00485fe165e3080d5da6b3ca9c9b02f62c5deebc584d1b3d1309ce673e,1673
    pantry-tree:
      size: 314
      sha256: 204cac98219e99334f47b12c565945611748ea03a4d629273dd697d738bcfd7f
  original:
    hackage: StateVar-1.2.2@sha256:3c022c00485fe165e3080d5da6b3ca9c9b02f62c5deebc584d1b3d1309ce673e,1673
- completed:
    hackage: adjunctions-4.4.2@sha256:4c6fb647f522c46c0af513f705dab1d890860e536e0405c78389d425296ac0b4,3250
    pantry-tree:
      size: 1391
      sha256: 3d0c6cdd79e0e8f6bc1da404c33d05d8e8c7646e32630afcd02ccd603bb9786e
  original:
    hackage: adjunctions-4.4.2@sha256:4c6fb647f522c46c0af513f705dab1d890860e536e0405c78389d425296ac0b4,3250
- completed:
    hackage: alex-3.2.7.1@sha256:ab26a38cefae59403f746370e5a0c943b8d5bda098eb83f37052b2429ee780ce,3911
    pantry-tree:
      size: 4880
      sha256: 56cc4bae15df1a6370f2d6fed6726937e3b2df1c6eba1e8be6a2bf3fe7c75310
  original:
    hackage: alex-3.2.7.1@sha256:ab26a38cefae59403f746370e5a0c943b8d5bda098eb83f37052b2429ee780ce,3911
- completed:
    hackage: happy-1.20.0@sha256:5d47dc221a9fe964e36aaaa2e1ab7e8f085a225fd6528d6eff310b92360bbe99,5732
    pantry-tree:
      size: 8749
      sha256: ff2e7df7cfe8746eedc6f69c225fa8c899c26d28f1c4964eeb00a5d757d30351
  original:
    hackage: happy-1.20.0@sha256:5d47dc221a9fe964e36aaaa2e1ab7e8f085a225fd6528d6eff310b92360bbe99,5732
- completed:
    hackage: invariant-0.6@sha256:67ecd31a36c3a9a686a8bee9dbee5a395a4c68b758262413c0355bae03a5a114,3563
    pantry-tree:
      size: 650
      sha256: 891bd4f57f67034760437dd19387122b236f1141151ed8f62682b3088ad85e20
  original:
    hackage: invariant-0.6@sha256:67ecd31a36c3a9a686a8bee9dbee5a395a4c68b758262413c0355bae03a5a114,3563
- completed:
    hackage: primitive-0.7.4.0@sha256:89b88a3e08493b7727fa4089b0692bfbdf7e1e666ef54635f458644eb8358764,2857
    pantry-tree:
      size: 1655
      sha256: 71a850c658b70e869da19f61615d87d9d6ecec597f0e3d4b498da56559114829
  original:
    hackage: primitive-0.7.4.0@sha256:89b88a3e08493b7727fa4089b0692bfbdf7e1e666ef54635f458644eb8358764,2857
- completed:
    hackage: transformers-base-0.4.6@sha256:6f18f320e371c8954c4b6b211e2fdd5d15a6d6310bd605b9d640f47ede408961,1643
    pantry-tree:
      size: 275
      sha256: 6c2d24a9678865e2a5f4b6286cb17228673a6987fb546bf07b89ffbd19716ad2
  original:
    hackage: transformers-base-0.4.6@sha256:6f18f320e371c8954c4b6b211e2fdd5d15a6d6310bd605b9d640f47ede408961,1643
- completed:
    hackage: vector-stream-0.1.0.0@sha256:09b0f8dc4e51936b9d6b04791f0aa03f7c9759b5fb7140eac8a9461cda1e55a3,1404
    pantry-tree:
      size: 325
      sha256: 3753f1a0a0889a87e185a5a4537f6cf6f0dea1b71b8b2655c016dddcc2519fea
  original:
    hackage: vector-stream-0.1.0.0@sha256:09b0f8dc4e51936b9d6b04791f0aa03f7c9759b5fb7140eac8a9461cda1e55a3,1404
- completed:
    hackage: semigroups-0.20@sha256:925341e6f7eb104cb490bef06eab93bb7995c7c67c51ee938185a2ddefa7aaf2,6333
    pantry-tree:
      size: 481
      sha256: d4d3f0b32a68cf8808fcb8d2de117ab9ec09dbfec93a297aa3d386ca79a0fe05
  original:
    hackage: semigroups-0.20@sha256:925341e6f7eb104cb490bef06eab93bb7995c7c67c51ee938185a2ddefa7aaf2,6333
- completed:
    hackage: void-0.7.3@sha256:13d30f62fcdf065e595d679d4ac8b4b0c1bb1a1b73db7b5b5a8f857cb5c8a546,1857
    pantry-tree:
      size: 584
      sha256: 5730b45e857424c97d24ee1cf530be1fc782cd000221ac97b5568be886cbbc2b
  original:
    hackage: void-0.7.3@sha256:13d30f62fcdf065e595d679d4ac8b4b0c1bb1a1b73db7b5b5a8f857cb5c8a546,1857
- completed:
    hackage: HUnit-1.6.2.0@sha256:1a79174e8af616117ad39464cac9de205ca923da6582825e97c10786fda933a4,1588
    pantry-tree:
      size: 878
      sha256: 4f20a5a33866171260d0ee1e256c27f53cc84d37a68d498c3e12347f4e3d05b4
  original:
    hackage: HUnit-1.6.2.0@sha256:1a79174e8af616117ad39464cac9de205ca923da6582825e97c10786fda933a4,1588
- completed:
    hackage: QuickCheck-2.14.2@sha256:4ce29211223d5e6620ebceba34a3ca9ccf1c10c0cf387d48aea45599222ee5aa,7736
    pantry-tree:
      size: 2315
      sha256: 2fe423d0ed7cd64f0f165d708779f48814e66c4f181c568468134af55d86a5f8
  original:
    hackage: QuickCheck-2.14.2@sha256:4ce29211223d5e6620ebceba34a3ca9ccf1c10c0cf387d48aea45599222ee5aa,7736
- completed:
    hackage: hspec-2.10.0.1@sha256:23a7c64e54bd617dd6a312edb40996aca75aeb66fa40cf54c92b742fe06599f0,1718
    pantry-tree:
      size: 583
      sha256: b0afa62c359a4643ce9cc7af44b876a5b6dd086813e5ff7f9c576ba73c10f0ac
  original:
    hackage: hspec-2.10.0.1@sha256:23a7c64e54bd617dd6a312edb40996aca75aeb66fa40cf54c92b742fe06599f0,1718
- completed:
    hackage: hspec-core-2.10.0.1@sha256:2b6a4be8bc9f16bbb84173a96203758977249aa787d4d5be58859ac61ef499f0,6619
    pantry-tree:
      size: 5819
      sha256: 9c86facdc208b11954c2628418adddb6b811e9fc55cbe5af702d8857b5bd7e67
  original:
    hackage: hspec-core-2.10.0.1@sha256:2b6a4be8bc9f16bbb84173a96203758977249aa787d4d5be58859ac61ef499f0,6619
- completed:
    hackage: hspec-discover-2.10.0.1@sha256:9fdefb88ea2d48b52f071df6c4b01e2d0dd48524563c66bfcc12aae3442ff6eb,2168
    pantry-tree:
      size: 828
      sha256: 26550e0222fbadbae1182183474fedeef00852b32169ff25fda63fcfdf073d70
  original:
    hackage: hspec-discover-2.10.0.1@sha256:9fdefb88ea2d48b52f071df6c4b01e2d0dd48524563c66bfcc12aae3442ff6eb,2168
- completed:
    hackage: hspec-expectations-0.8.2@sha256:e2db24881baadc2d9d23b03cb629e80dcbda89a6b04ace9adb5f4d02ef8b31aa,1594
    pantry-tree:
      size: 602
      sha256: cba2c119c85cf68a18d35cccb365d032359442c82ceb93b295020609712d791f
  original:
    hackage: hspec-expectations-0.8.2@sha256:e2db24881baadc2d9d23b03cb629e80dcbda89a6b04ace9adb5f4d02ef8b31aa,1594
- completed:
    hackage: random-1.2.1.1@sha256:dea1f11e5569332dc6c8efaad1cb301016a5587b6754943a49f9de08ae0e56d9,6541
    pantry-tree:
      size: 1528
      sha256: 646ee77fe01178837ee928b61ae8653dcf190e9b5353ebebd094079c77a18b76
  original:
    hackage: random-1.2.1.1@sha256:dea1f11e5569332dc6c8efaad1cb301016a5587b6754943a49f9de08ae0e56d9,6541
- completed:
    hackage: splitmix-0.1.0.4@sha256:804e2574bc7e32d08cbab91e47ee6287b4df7d50851d73f9e778f94a9a7814c7,6521
    pantry-tree:
      size: 1519
      sha256: b56f706c092dc0ac4875ef45bd18719386358c56667f6b604a733b66f9e4657f
  original:
    hackage: splitmix-0.1.0.4@sha256:804e2574bc7e32d08cbab91e47ee6287b4df7d50851d73f9e778f94a9a7814c7,6521
- completed:
    hackage: ansi-terminal-0.11.3@sha256:cc499d5f4c09a7213cd752ee69dbb5a5b8f3d1c777274e609eea4bca5c68ac8c,3321
    pantry-tree:
      size: 1461
      sha256: 71d732f3f95c8ddcebaa7645ff743dd91e680b5b5063e8707ef53d2eaf94c94e
  original:
    hackage: ansi-terminal-0.11.3@sha256:cc499d5f4c09a7213cd752ee69dbb5a5b8f3d1c777274e609eea4bca5c68ac8c,3321
- completed:
    hackage: clock-0.8.3@sha256:a692159828c2cd278eaec317b3a7e9fb6d7b787c8a19f086004d15d9fa1fd72c,4601
    pantry-tree:
      size: 499
      sha256: 3e62393d5c7671b21d8aa84ef9ee0550334053711c80b5beeca295466a6615c7
  original:
    hackage: clock-0.8.3@sha256:a692159828c2cd278eaec317b3a7e9fb6d7b787c8a19f086004d15d9fa1fd72c,4601
- completed:
    hackage: quickcheck-io-0.2.0@sha256:7bf0b68fb90873825eb2e5e958c1b76126dcf984debb998e81673e6d837e0b2d,1133
    pantry-tree:
      size: 223
      sha256: afaa27fbf8b35aa7ce174abd9c59a84a12fd7f3d08300c3280b22c1d204f11ca
  original:
    hackage: quickcheck-io-0.2.0@sha256:7bf0b68fb90873825eb2e5e958c1b76126dcf984debb998e81673e6d837e0b2d,1133
- completed:
    hackage: setenv-0.1.1.3@sha256:c5916ac0d2a828473cd171261328a290afe0abd799db1ac8c310682fe778c45b,1053
    pantry-tree:
      size: 212
      sha256: 9a071cf2552e6881cd3ac0ce81252d5b96ac7f42cae517d973ea167e3d503265
  original:
    hackage: setenv-0.1.1.3@sha256:c5916ac0d2a828473cd171261328a290afe0abd799db1ac8c310682fe778c45b,1053
- completed:
    hackage: tf-random-0.5@sha256:14012837d0f0e18fdbbe3d56e67da8622ee5e20b180abce952dd50bd9f36b326,3983
    pantry-tree:
      size: 941
      sha256: d6483580cfea846cbf23ff1d7a67849546d5096425b6d61318a34554043b4ffb
  original:
    hackage: tf-random-0.5@sha256:14012837d0f0e18fdbbe3d56e67da8622ee5e20b180abce952dd50bd9f36b326,3983
- completed:
    hackage: colour-2.3.6@sha256:ebdcbf15023958838a527e381ab3c3b1e99ed12d1b25efeb7feaa4ad8c37664a,2378
    pantry-tree:
      size: 1183
      sha256: 03f8e22f364deb86098dbfbe0bf83c896437b2355f139abdac0402658fb6ac7e
  original:
    hackage: colour-2.3.6@sha256:ebdcbf15023958838a527e381ab3c3b1e99ed12d1b25efeb7feaa4ad8c37664a,2378
snapshots: []
